<?xml version="1.0" encoding="utf-8"?>
<Project ToolsVersion="4.0" xmlns="http://schemas.microsoft.com/developer/msbuild/2003">
  <ItemGroup>
    <Filter Include="Source Files">
      <UniqueIdentifier>{4FC737F1-C7A5-4376-A066-2A32D752A2FF}</UniqueIdentifier>
      <Extensions>cpp;c;cc;cxx;c++;cppm;ixx;def;odl;idl;hpj;bat;asm;asmx</Extensions>
    </Filter>
    <Filter Include="Header Files">
      <UniqueIdentifier>{93995380-89BD-4b04-88EB-625FBE52EBFB}</UniqueIdentifier>
      <Extensions>h;hh;hpp;hxx;h++;hm;inl;inc;ipp;xsd</Extensions>
    </Filter>
    <Filter Include="Resource Files">
      <UniqueIdentifier>{67DA6AB6-F800-4c08-8B7A-83BB121AAD01}</UniqueIdentifier>
      <Extensions>rc;ico;cur;bmp;dlg;rc2;rct;bin;rgs;gif;jpg;jpeg;jpe;resx;tiff;tif;png;wav;mfcribbon-ms</Extensions>
    </Filter>
  </ItemGroup>
  <ItemGroup>
    <ClCompile Include="OpenGL_Snake.cpp">
      <Filter>Source Files</Filter>
    </ClCompile>
    <ClCompile Include="Dodge\Audio.cpp">
      <Filter>Source Files</Filter>
    </ClCompile>
    <ClCompile Include="Dodge\AudioController.cpp">
      <Filter>Source Files</Filter>
    </ClCompile>
    <ClCompile Include="Dodge\figures\Circle.cpp">
      <Filter>Source Files</Filter>
    </ClCompile>
    <ClCompile Include="Dodge\Color.cpp">
      <Filter>Source Files</Filter>
    </ClCompile>
    <ClCompile Include="Dodge\Coord.cpp">
      <Filter>Source Files</Filter>
    </ClCompile>
    <ClCompile Include="Dodge\Figures.cpp">
      <Filter>Source Files</Filter>
    </ClCompile>
    <ClCompile Include="Dodge\FrameSound.cpp">
      <Filter>Source Files</Filter>
    </ClCompile>
    <ClCompile Include="Dodge\FrameSoundsController.cpp">
      <Filter>Source Files</Filter>
    </ClCompile>
    <ClCompile Include="Dodge\functions.cpp">
      <Filter>Source Files</Filter>
    </ClCompile>
    <ClCompile Include="Dodge\Image.cpp">
      <Filter>Source Files</Filter>
    </ClCompile>
    <ClCompile Include="Dodge\ImagesController.cpp">
      <Filter>Source Files</Filter>
    </ClCompile>
    <ClCompile Include="Dodge\Keyboard.cpp">
      <Filter>Source Files</Filter>
    </ClCompile>
    <ClCompile Include="Dodge\KeyboardKey.cpp">
      <Filter>Source Files</Filter>
    </ClCompile>
    <ClCompile Include="Dodge\MainWindow.cpp">
      <Filter>Source Files</Filter>
    </ClCompile>
    <ClCompile Include="Dodge\Mouse.cpp">
      <Filter>Source Files</Filter>
    </ClCompile>
    <ClCompile Include="Dodge\figures\Rect.cpp">
      <Filter>Source Files</Filter>
    </ClCompile>
    <ClCompile Include="Dodge\Shader.cpp">
      <Filter>Source Files</Filter>
    </ClCompile>
    <ClCompile Include="Dodge\Size.cpp">
      <Filter>Source Files</Filter>
    </ClCompile>
    <ClCompile Include="Dodge\SoundSystem.cpp">
      <Filter>Source Files</Filter>
    </ClCompile>
    <ClCompile Include="Dodge\animator\SpriteAnimation.cpp">
      <Filter>Source Files</Filter>
    </ClCompile>
    <ClCompile Include="Dodge\Timer.cpp">
      <Filter>Source Files</Filter>
    </ClCompile>
    <ClCompile Include="Dodge\figures\Triangle.cpp">
      <Filter>Source Files</Filter>
    </ClCompile>
    <ClCompile Include="Dodge\Window.cpp">
      <Filter>Source Files</Filter>
    </ClCompile>
    <ClCompile Include="Dodge\glad\glad.c">
      <Filter>Source Files</Filter>
    </ClCompile>
    <ClCompile Include="Dodge\tiny\TinyXml.cpp">
      <Filter>Source Files</Filter>
    </ClCompile>
    <ClCompile Include="Dodge\collisions\PoligonCollision.cpp">
      <Filter>Source Files</Filter>
    </ClCompile>
    <ClCompile Include="Dodge\Material.cpp">
      <Filter>Source Files</Filter>
    </ClCompile>
    <ClCompile Include="Dodge\materials\figures\BaseFigureMaterial.cpp">
      <Filter>Source Files</Filter>
    </ClCompile>
    <ClCompile Include="Dodge\tiny\TileMap.cpp">
      <Filter>Source Files</Filter>
    </ClCompile>
    <ClCompile Include="Dodge\tiny\Tileset.cpp">
      <Filter>Source Files</Filter>
    </ClCompile>
    <ClCompile Include="Dodge\PoligonCollisionsController.cpp">
      <Filter>Source Files</Filter>
    </ClCompile>
    <ClCompile Include="Dodge\collisions\BoxCollision.cpp">
      <Filter>Source Files</Filter>
    </ClCompile>
    <ClCompile Include="Dodge\collisions\CollisionsController.cpp">
      <Filter>Source Files</Filter>
    </ClCompile>
    <ClCompile Include="Dodge\tiny\Tile.cpp">
      <Filter>Source Files</Filter>
    </ClCompile>
    <ClCompile Include="Dodge\tiny\ObjectGroup.cpp">
      <Filter>Source Files</Filter>
    </ClCompile>
    <ClCompile Include="Dodge\tiny\ObjectGroupObj.cpp">
      <Filter>Source Files</Filter>
    </ClCompile>
    <ClCompile Include="Dodge\tiny\TinyClass.cpp">
      <Filter>Source Files</Filter>
    </ClCompile>
    <ClCompile Include="Dodge\tiny\TinySpriteLayer.cpp">
      <Filter>Source Files</Filter>
    </ClCompile>
    <ClCompile Include="Dodge\tiny\TinyClassController.cpp">
      <Filter>Source Files</Filter>
    </ClCompile>
    <ClCompile Include="Dodge\tiny\TinySrpiteLayersController.cpp">
      <Filter>Source Files</Filter>
    </ClCompile>
    <ClCompile Include="Dodge\tiny\TilesetsController.cpp">
      <Filter>Source Files</Filter>
    </ClCompile>
    <ClCompile Include="Dodge\tiny\TinyMap.cpp">
      <Filter>Source Files</Filter>
    </ClCompile>
    <ClCompile Include="Dodge\tiny\MapClasses\Road.cpp">
      <Filter>Source Files</Filter>
    </ClCompile>
    <ClCompile Include="Dodge\pawn\Pawn.cpp">
      <Filter>Source Files</Filter>
    </ClCompile>
    <ClCompile Include="Content\Snake\Snake.cpp">
      <Filter>Source Files</Filter>
    </ClCompile>
    <ClCompile Include="Dodge\animator\SpriteAnimationController.cpp">
      <Filter>Source Files</Filter>
    </ClCompile>
    <ClCompile Include="Content\Snake\SnakeBody.cpp">
      <Filter>Source Files</Filter>
    </ClCompile>
    <ClCompile Include="Content\Apples\Apple.cpp">
      <Filter>Source Files</Filter>
    </ClCompile>
    <ClCompile Include="Dodge\font\Character.cpp">
      <Filter>Source Files</Filter>
    </ClCompile>
    <ClCompile Include="Dodge\font\Font.cpp">
      <Filter>Source Files</Filter>
    </ClCompile>
    <ClCompile Include="Dodge\Save.cpp">
      <Filter>Source Files</Filter>
    </ClCompile>
  </ItemGroup>
  <ItemGroup>
    <None Include="..\vcpkg.json" />
    <None Include="Dodge\shaders\Image\imageFragment.frag" />
    <None Include="Dodge\shaders\Image\imageVertex.vs" />
    <None Include="Dodge\shaders\Figures\fragment.frag" />
    <None Include="Dodge\shaders\Figures\vertex.vs" />
    <None Include="Dodge\shaders\Test\fragment.frag" />
    <None Include="Dodge\shaders\Test\vertex.vs" />
  </ItemGroup>
  <ItemGroup>
    <ClInclude Include="Dodge\Audio.h">
      <Filter>Header Files</Filter>
    </ClInclude>
    <ClInclude Include="Dodge\AudioController.h">
      <Filter>Header Files</Filter>
    </ClInclude>
    <ClInclude Include="Dodge\Cell.h">
      <Filter>Header Files</Filter>
    </ClInclude>
    <ClInclude Include="Dodge\figures\Circle.h">
      <Filter>Header Files</Filter>
    </ClInclude>
    <ClInclude Include="Dodge\Color.h">
      <Filter>Header Files</Filter>
    </ClInclude>
    <ClInclude Include="Dodge\Coord.h">
      <Filter>Header Files</Filter>
    </ClInclude>
    <ClInclude Include="Dodge\Figures.h">
      <Filter>Header Files</Filter>
    </ClInclude>
    <ClInclude Include="Dodge\FrameSound.h">
      <Filter>Header Files</Filter>
    </ClInclude>
    <ClInclude Include="Dodge\FrameSoundsController.h">
      <Filter>Header Files</Filter>
    </ClInclude>
    <ClInclude Include="Dodge\functions.h">
      <Filter>Header Files</Filter>
    </ClInclude>
    <ClInclude Include="Dodge\IGameObject.h">
      <Filter>Header Files</Filter>
    </ClInclude>
    <ClInclude Include="Dodge\Image.h">
      <Filter>Header Files</Filter>
    </ClInclude>
    <ClInclude Include="Dodge\ImagesController.h">
      <Filter>Header Files</Filter>
    </ClInclude>
    <ClInclude Include="Dodge\Keyboard.h">
      <Filter>Header Files</Filter>
    </ClInclude>
    <ClInclude Include="Dodge\KeyboardKey.h">
      <Filter>Header Files</Filter>
    </ClInclude>
    <ClInclude Include="Dodge\MainWindow.h">
      <Filter>Header Files</Filter>
    </ClInclude>
    <ClInclude Include="Dodge\Mouse.h">
      <Filter>Header Files</Filter>
    </ClInclude>
    <ClInclude Include="Dodge\figures\Rect.h">
      <Filter>Header Files</Filter>
    </ClInclude>
    <ClInclude Include="Dodge\Shader.h">
      <Filter>Header Files</Filter>
    </ClInclude>
    <ClInclude Include="Dodge\Size.h">
      <Filter>Header Files</Filter>
    </ClInclude>
    <ClInclude Include="Dodge\SoundSystem.h">
      <Filter>Header Files</Filter>
    </ClInclude>
    <ClInclude Include="Dodge\animator\SpriteAnimation.h">
      <Filter>Header Files</Filter>
    </ClInclude>
    <ClInclude Include="Dodge\Timer.h">
      <Filter>Header Files</Filter>
    </ClInclude>
    <ClInclude Include="Dodge\figures\Triangle.h">
      <Filter>Header Files</Filter>
    </ClInclude>
    <ClInclude Include="Dodge\Window.h">
      <Filter>Header Files</Filter>
    </ClInclude>
    <ClInclude Include="Dodge\WindowPointer.h">
      <Filter>Header Files</Filter>
    </ClInclude>
    <ClInclude Include="Dodge\WindowPointerController.h">
      <Filter>Header Files</Filter>
    </ClInclude>
    <ClInclude Include="Dodge\lib\stb_image.h">
      <Filter>Header Files</Filter>
    </ClInclude>
    <ClInclude Include="Dodge\tiny\TinyXml.h">
      <Filter>Header Files</Filter>
    </ClInclude>
    <ClInclude Include="Dodge\collisions\PoligonCollision.h">
      <Filter>Header Files</Filter>
    </ClInclude>
    <ClInclude Include="Dodge\Material.h">
      <Filter>Header Files</Filter>
    </ClInclude>
    <ClInclude Include="Dodge\materials\figures\BaseFigureMaterial.h">
      <Filter>Header Files</Filter>
    </ClInclude>
    <ClInclude Include="Dodge\tiny\TileMap.h">
      <Filter>Header Files</Filter>
    </ClInclude>
    <ClInclude Include="Dodge\tiny\Tileset.h">
      <Filter>Header Files</Filter>
    </ClInclude>
    <ClInclude Include="Dodge\PoligonCollisionsController.h">
      <Filter>Header Files</Filter>
    </ClInclude>
    <ClInclude Include="Dodge\collisions\ICollision.h">
      <Filter>Header Files</Filter>
    </ClInclude>
    <ClInclude Include="Dodge\collisions\BoxCollision.h">
      <Filter>Header Files</Filter>
    </ClInclude>
    <ClInclude Include="Dodge\collisions\CollisionsController.h">
      <Filter>Header Files</Filter>
    </ClInclude>
    <ClInclude Include="Dodge\tiny\Tile.h">
      <Filter>Header Files</Filter>
    </ClInclude>
    <ClInclude Include="Dodge\tiny\ObjectGroup.h">
      <Filter>Header Files</Filter>
    </ClInclude>
    <ClInclude Include="Dodge\tiny\ObjectGroupObj.h">
      <Filter>Header Files</Filter>
    </ClInclude>
    <ClInclude Include="Dodge\tiny\TinyClass.h">
      <Filter>Header Files</Filter>
    </ClInclude>
    <ClInclude Include="Dodge\tiny\TinySpriteLayer.h">
      <Filter>Header Files</Filter>
    </ClInclude>
    <ClInclude Include="Dodge\tiny\TinyClassController.h">
      <Filter>Header Files</Filter>
    </ClInclude>
    <ClInclude Include="Dodge\tiny\TinySrpiteLayersController.h">
      <Filter>Header Files</Filter>
    </ClInclude>
    <ClInclude Include="Dodge\tiny\TilesetsController.h">
      <Filter>Header Files</Filter>
    </ClInclude>
    <ClInclude Include="Dodge\tiny\TinyMap.h">
      <Filter>Header Files</Filter>
    </ClInclude>
    <ClInclude Include="Dodge\tiny\MapClasses\Road.h">
      <Filter>Header Files</Filter>
    </ClInclude>
    <ClInclude Include="Dodge\pawn\Pawn.h">
      <Filter>Header Files</Filter>
    </ClInclude>
    <ClInclude Include="Dodge\Directions.h">
      <Filter>Header Files</Filter>
    </ClInclude>
    <ClInclude Include="Content\Snake\Snake.h">
      <Filter>Header Files</Filter>
    </ClInclude>
    <ClInclude Include="Dodge\animator\IAnimationObject.h">
      <Filter>Header Files</Filter>
    </ClInclude>
    <ClInclude Include="Dodge\animator\SpriteAnimationController.h">
      <Filter>Header Files</Filter>
    </ClInclude>
    <ClInclude Include="Dodge\KeyboardKeys.h">
      <Filter>Header Files</Filter>
    </ClInclude>
    <ClInclude Include="Content\Snake\SnakeBody.h">
      <Filter>Header Files</Filter>
    </ClInclude>
    <ClInclude Include="Content\Apples\Apple.h">
      <Filter>Header Files</Filter>
    </ClInclude>
    <ClInclude Include="Dodge\GameStatuses.h">
      <Filter>Header Files</Filter>
    </ClInclude>
    <ClInclude Include="Dodge\font\Character.h">
      <Filter>Header Files</Filter>
    </ClInclude>
    <ClInclude Include="Dodge\font\Font.h">
      <Filter>Header Files</Filter>
    </ClInclude>
    <ClInclude Include="Dodge\Save.h">
      <Filter>Header Files</Filter>
    </ClInclude>
  </ItemGroup>
</Project>